
Microsoft Visual Studio Solution File, Format Version 12.00
# Visual Studio Version 17
VisualStudioVersion = 17.8.34525.116
MinimumVisualStudioVersion = 10.0.40219.1
Project("{FAE04EC0-301F-11D3-BF4B-00C04F79EFBC}") = "ConsoleAppCursos", "ConsoleAppCursos\ConsoleAppCursos.csproj", "{65977F62-1E02-474E-90C8-FF9A51633156}"
EndProject
Global
	GlobalSection(SolutionConfigurationPlatforms) = preSolution
		Debug|Any CPU = Debug|Any CPU
		Release|Any CPU = Release|Any CPU
	EndGlobalSection
	GlobalSection(ProjectConfigurationPlatforms) = postSolution
		{65977F62-1E02-474E-90C8-FF9A51633156}.Debug|Any CPU.ActiveCfg = Debug|Any CPU
		{65977F62-1E02-474E-90C8-FF9A51633156}.Debug|Any CPU.Build.0 = Debug|Any CPU
		{65977F62-1E02-474E-90C8-FF9A51633156}.Release|Any CPU.ActiveCfg = Release|Any CPU
		{65977F62-1E02-474E-90C8-FF9A51633156}.Release|Any CPU.Build.0 = Release|Any CPU
	EndGlobalSection
	GlobalSection(SolutionProperties) = preSolution
		HideSolutionNode = FALSE
	EndGlobalSection
	GlobalSection(ExtensibilityGlobals) = postSolution
		SolutionGuid = {41AF5259-B78F-4693-8D20-AD30F464A6BF}
	EndGlobalSection
EndGlobal
